
Microsoft Visual Studio Solution File, Format Version 11.00
# Visual Studio 2010
Project("{FAE04EC0-301F-11D3-BF4B-00C04F79EFBC}") = "Z3.2", "Z3.2\Z3.2.csproj", "{27208727-B6B3-40A7-972F-892F15C10F2F}"
EndProject
Global
	GlobalSection(SolutionConfigurationPlatforms) = preSolution
		Debug|x86 = Debug|x86
		Release|x86 = Release|x86
	EndGlobalSection
	GlobalSection(ProjectConfigurationPlatforms) = postSolution
		{27208727-B6B3-40A7-972F-892F15C10F2F}.Debug|x86.ActiveCfg = Debug|x86
		{27208727-B6B3-40A7-972F-892F15C10F2F}.Debug|x86.Build.0 = Debug|x86
		{27208727-B6B3-40A7-972F-892F15C10F2F}.Release|x86.ActiveCfg = Release|x86
		{27208727-B6B3-40A7-972F-892F15C10F2F}.Release|x86.Build.0 = Release|x86
	EndGlobalSection
	GlobalSection(SolutionProperties) = preSolution
		HideSolutionNode = FALSE
	EndGlobalSection
EndGlobal
